
Microsoft Visual Studio Solution File, Format Version 12.00
# Visual Studio Version 16
VisualStudioVersion = 16.0.30225.117
MinimumVisualStudioVersion = 10.0.40219.1
Project("{FAE04EC0-301F-11D3-BF4B-00C04F79EFBC}") = "DapperGenericRepository", "DapperGenericRepository.csproj", "{5853B729-13B3-4C5C-8CE0-59D9CEF88F55}"
EndProject
Global
	GlobalSection(SolutionConfigurationPlatforms) = preSolution
		Debug|Any CPU = Debug|Any CPU
		Release|Any CPU = Release|Any CPU
	EndGlobalSection
	GlobalSection(ProjectConfigurationPlatforms) = postSolution
		{5853B729-13B3-4C5C-8CE0-59D9CEF88F55}.Debug|Any CPU.ActiveCfg = Debug|Any CPU
		{5853B729-13B3-4C5C-8CE0-59D9CEF88F55}.Debug|Any CPU.Build.0 = Debug|Any CPU
		{5853B729-13B3-4C5C-8CE0-59D9CEF88F55}.Release|Any CPU.ActiveCfg = Release|Any CPU
		{5853B729-13B3-4C5C-8CE0-59D9CEF88F55}.Release|Any CPU.Build.0 = Release|Any CPU
	EndGlobalSection
	GlobalSection(SolutionProperties) = preSolution
		HideSolutionNode = FALSE
	EndGlobalSection
	GlobalSection(ExtensibilityGlobals) = postSolution
		SolutionGuid = {2DD533FB-2CF5-4639-A84C-DD00844C2981}
	EndGlobalSection
EndGlobal
